<?xml version="1.0" encoding="utf-8"?>
<Project ToolsVersion="4.0" xmlns="http://schemas.microsoft.com/developer/msbuild/2003">
  <ItemGroup>
    <Filter Include="Archivos de código fuente">
      <UniqueIdentifier>{4FC737F1-C7A5-4376-A066-2A32D752A2FF}</UniqueIdentifier>
      <Extensions>cpp;c;cc;cxx;def;odl;idl;hpj;bat;asm;asmx</Extensions>
    </Filter>
    <Filter Include="Archivos de encabezado">
      <UniqueIdentifier>{93995380-89BD-4b04-88EB-625FBE52EBFB}</UniqueIdentifier>
      <Extensions>h;hh;hpp;hxx;hm;inl;inc;xsd</Extensions>
    </Filter>
    <Filter Include="Archivos de recursos">
      <UniqueIdentifier>{67DA6AB6-F800-4c08-8B7A-83BB121AAD01}</UniqueIdentifier>
      <Extensions>rc;ico;cur;bmp;dlg;rc2;rct;bin;rgs;gif;jpg;jpeg;jpe;resx;tiff;tif;png;wav;mfcribbon-ms</Extensions>
    </Filter>
  </ItemGroup>
  <ItemGroup>
    <ClInclude Include="..\Almacen.h">
      <Filter>Archivos de código fuente</Filter>
    </ClInclude>
    <ClInclude Include="..\Arduino.h">
      <Filter>Archivos de código fuente</Filter>
    </ClInclude>
    <ClInclude Include="..\Bateria.h">
      <Filter>Archivos de código fuente</Filter>
    </ClInclude>
    <ClInclude Include="..\Bluetooth.h">
      <Filter>Archivos de código fuente</Filter>
    </ClInclude>
    <ClInclude Include="..\Capacitor.h">
      <Filter>Archivos de código fuente</Filter>
    </ClInclude>
    <ClInclude Include="..\CI.h">
      <Filter>Archivos de código fuente</Filter>
    </ClInclude>
    <ClInclude Include="..\Componentes.h">
      <Filter>Archivos de código fuente</Filter>
    </ClInclude>
    <ClInclude Include="..\ComunicacionRF.h">
      <Filter>Archivos de código fuente</Filter>
    </ClInclude>
    <ClInclude Include="..\Eliminador.h">
      <Filter>Archivos de código fuente</Filter>
    </ClInclude>
    <ClInclude Include="..\Energia.h">
      <Filter>Archivos de código fuente</Filter>
    </ClInclude>
    <ClInclude Include="..\LED.h">
      <Filter>Archivos de código fuente</Filter>
    </ClInclude>
    <ClInclude Include="..\Microcontroladores.h">
      <Filter>Archivos de código fuente</Filter>
    </ClInclude>
    <ClInclude Include="..\Producto.h">
      <Filter>Archivos de código fuente</Filter>
    </ClInclude>
    <ClInclude Include="..\Resistencia.h">
      <Filter>Archivos de código fuente</Filter>
    </ClInclude>
    <ClInclude Include="..\SparkFun.h">
      <Filter>Archivos de código fuente</Filter>
    </ClInclude>
    <ClInclude Include="..\ZigBee.h">
      <Filter>Archivos de código fuente</Filter>
    </ClInclude>
  </ItemGroup>
  <ItemGroup>
    <ClCompile Include="..\Arduino.cpp">
      <Filter>Archivos de código fuente</Filter>
    </ClCompile>
    <ClCompile Include="..\Bateria.cpp">
      <Filter>Archivos de código fuente</Filter>
    </ClCompile>
    <ClCompile Include="..\Bluetooth.cpp">
      <Filter>Archivos de código fuente</Filter>
    </ClCompile>
    <ClCompile Include="..\Capacitor.cpp">
      <Filter>Archivos de código fuente</Filter>
    </ClCompile>
    <ClCompile Include="..\CI.cpp">
      <Filter>Archivos de código fuente</Filter>
    </ClCompile>
    <ClCompile Include="..\Componentes.cpp">
      <Filter>Archivos de código fuente</Filter>
    </ClCompile>
    <ClCompile Include="..\ComunicacionRF.cpp">
      <Filter>Archivos de código fuente</Filter>
    </ClCompile>
    <ClCompile Include="..\Eliminador.cpp">
      <Filter>Archivos de código fuente</Filter>
    </ClCompile>
    <ClCompile Include="..\Energia.cpp">
      <Filter>Archivos de código fuente</Filter>
    </ClCompile>
    <ClCompile Include="..\LED.cpp">
      <Filter>Archivos de código fuente</Filter>
    </ClCompile>
    <ClCompile Include="..\main.cpp">
      <Filter>Archivos de código fuente</Filter>
    </ClCompile>
    <ClCompile Include="..\Microcontroladores.cpp">
      <Filter>Archivos de código fuente</Filter>
    </ClCompile>
    <ClCompile Include="..\Producto.cpp">
      <Filter>Archivos de código fuente</Filter>
    </ClCompile>
    <ClCompile Include="..\Resistencia.cpp">
      <Filter>Archivos de código fuente</Filter>
    </ClCompile>
    <ClCompile Include="..\SparkFun.cpp">
      <Filter>Archivos de código fuente</Filter>
    </ClCompile>
    <ClCompile Include="..\ZigBee.cpp">
      <Filter>Archivos de código fuente</Filter>
    </ClCompile>
  </ItemGroup>
</Project>