
Microsoft Visual Studio Solution File, Format Version 12.00
# Visual Studio 2013
VisualStudioVersion = 12.0.40629.0
MinimumVisualStudioVersion = 10.0.40219.1
Project("{8BC9CEB8-8B4A-11D0-8D11-00A0C91BC942}") = "Primer_examen_Pasteles", "Primer_examen_Pasteles\Primer_examen_Pasteles.vcxproj", "{7642C8FE-9965-420B-A3FC-E75218C9A0A5}"
EndProject
Global
	GlobalSection(SolutionConfigurationPlatforms) = preSolution
		Debug|Win32 = Debug|Win32
		Release|Win32 = Release|Win32
	EndGlobalSection
	GlobalSection(ProjectConfigurationPlatforms) = postSolution
		{7642C8FE-9965-420B-A3FC-E75218C9A0A5}.Debug|Win32.ActiveCfg = Debug|Win32
		{7642C8FE-9965-420B-A3FC-E75218C9A0A5}.Debug|Win32.Build.0 = Debug|Win32
		{7642C8FE-9965-420B-A3FC-E75218C9A0A5}.Release|Win32.ActiveCfg = Release|Win32
		{7642C8FE-9965-420B-A3FC-E75218C9A0A5}.Release|Win32.Build.0 = Release|Win32
	EndGlobalSection
	GlobalSection(SolutionProperties) = preSolution
		HideSolutionNode = FALSE
	EndGlobalSection
EndGlobal
