
Microsoft Visual Studio Solution File, Format Version 12.00
# Visual Studio Express 2013 for Windows Desktop
VisualStudioVersion = 12.0.30723.0
MinimumVisualStudioVersion = 10.0.40219.1
Project("{8BC9CEB8-8B4A-11D0-8D11-00A0C91BC942}") = "Cynthia_Matrices_Sobrecarga", "Cynthia_Matrices_Sobrecarga\Cynthia_Matrices_Sobrecarga.vcxproj", "{7B21C11C-F2AF-4639-B894-F9A8B8475A58}"
EndProject
Global
	GlobalSection(SolutionConfigurationPlatforms) = preSolution
		Debug|Win32 = Debug|Win32
		Release|Win32 = Release|Win32
	EndGlobalSection
	GlobalSection(ProjectConfigurationPlatforms) = postSolution
		{7B21C11C-F2AF-4639-B894-F9A8B8475A58}.Debug|Win32.ActiveCfg = Debug|Win32
		{7B21C11C-F2AF-4639-B894-F9A8B8475A58}.Debug|Win32.Build.0 = Debug|Win32
		{7B21C11C-F2AF-4639-B894-F9A8B8475A58}.Release|Win32.ActiveCfg = Release|Win32
		{7B21C11C-F2AF-4639-B894-F9A8B8475A58}.Release|Win32.Build.0 = Release|Win32
	EndGlobalSection
	GlobalSection(SolutionProperties) = preSolution
		HideSolutionNode = FALSE
	EndGlobalSection
EndGlobal
